PODS:
  - SnapKit (5.0.1)
  - UnderLineTextField (2.1.0)

DEPENDENCIES:
  - SnapKit
  - UnderLineTextField (~> 2.1)

SPEC REPOS:
  trunk:
    - SnapKit
    - UnderLineTextField

SPEC CHECKSUMS:
  SnapKit: 97b92857e3df3a0c71833cce143274bf6ef8e5eb
  UnderLineTextField: b3f5307b56962331e30a965e81b79aae2df1de83

PODFILE CHECKSUM: 5be11035244bab50dfbcccc918271791ddac471e

COCOAPODS: 1.11.3
