{
  "pins" : [
    {
      "identity" : "alamofire",
      "kind" : "remoteSourceControl",
      "location" : "https://github.com/Alamofire/Alamofire.git",
      "state" : {
        "branch" : "master",
        "revision" : "15088b05a92f4a52d87eef48690e8c921fb83eb7"
      }
    }
  ],
  "version" : 2
}
