// !$*UTF8*$!
{
	archiveVersion = 1;
	classes = {
	};
	objectVersion = 55;
	objects = {

/* Begin PBXBuildFile section */
		D214F59128334FE7005AD768 /* TweeTextField in Frameworks */ = {isa = PBXBuildFile; productRef = D214F59028334FE7005AD768 /* TweeTextField */; };
		D214F5952834D06A005AD768 /* ColorManage.swift in Sources */ = {isa = PBXBuildFile; fileRef = D214F5942834D06A005AD768 /* ColorManage.swift */; };
		D259B0A927FC5FDA0026DD9E /* AppDelegate.swift in Sources */ = {isa = PBXBuildFile; fileRef = D259B0A827FC5FDA0026DD9E /* AppDelegate.swift */; };
		D259B0AB27FC5FDA0026DD9E /* SceneDelegate.swift in Sources */ = {isa = PBXBuildFile; fileRef = D259B0AA27FC5FDA0026DD9E /* SceneDelegate.swift */; };
		D259B0B027FC5FDA0026DD9E /* Main.storyboard in Resources */ = {isa = PBXBuildFile; fileRef = D259B0AE27FC5FDA0026DD9E /* Main.storyboard */; };
		D259B0B227FC5FDB0026DD9E /* Assets.xcassets in Resources */ = {isa = PBXBuildFile; fileRef = D259B0B127FC5FDB0026DD9E /* Assets.xcassets */; };
		D259B0B527FC5FDB0026DD9E /* LaunchScreen.storyboard in Resources */ = {isa = PBXBuildFile; fileRef = D259B0B327FC5FDB0026DD9E /* LaunchScreen.storyboard */; };
		D259B0C027FC5FDB0026DD9E /* BidderBidderTests.swift in Sources */ = {isa = PBXBuildFile; fileRef = D259B0BF27FC5FDB0026DD9E /* BidderBidderTests.swift */; };
		D259B0CA27FC5FDB0026DD9E /* BidderBidderUITests.swift in Sources */ = {isa = PBXBuildFile; fileRef = D259B0C927FC5FDB0026DD9E /* BidderBidderUITests.swift */; };
		D259B0CC27FC5FDB0026DD9E /* BidderBidderUITestsLaunchTests.swift in Sources */ = {isa = PBXBuildFile; fileRef = D259B0CB27FC5FDB0026DD9E /* BidderBidderUITestsLaunchTests.swift */; };
		D2E99F9527FD126A00D829DF /* LoginViewController.swift in Sources */ = {isa = PBXBuildFile; fileRef = D2E99F9427FD126A00D829DF /* LoginViewController.swift */; };
		D2E99F9727FD98EE00D829DF /* EnterLoginViewController.swift in Sources */ = {isa = PBXBuildFile; fileRef = D2E99F9627FD98EE00D829DF /* EnterLoginViewController.swift */; };
		D2E99F9B27FDA27100D829DF /* Alamofire in Frameworks */ = {isa = PBXBuildFile; productRef = D2E99F9A27FDA27100D829DF /* Alamofire */; };
		D2E99F9D27FDA58100D829DF /* MainViewController.swift in Sources */ = {isa = PBXBuildFile; fileRef = D2E99F9C27FDA58100D829DF /* MainViewController.swift */; };
		D2FCCA192849B5AB002005BC /* ProductViewCell.swift in Sources */ = {isa = PBXBuildFile; fileRef = D2FCCA182849B5AB002005BC /* ProductViewCell.swift */; };
/* End PBXBuildFile section */

/* Begin PBXContainerItemProxy section */
		D259B0BC27FC5FDB0026DD9E /* PBXContainerItemProxy */ = {
			isa = PBXContainerItemProxy;
			containerPortal = D259B09D27FC5FDA0026DD9E /* Project object */;
			proxyType = 1;
			remoteGlobalIDString = D259B0A427FC5FDA0026DD9E;
			remoteInfo = BidderBidder;
		};
		D259B0C627FC5FDB0026DD9E /* PBXContainerItemProxy */ = {
			isa = PBXContainerItemProxy;
			containerPortal = D259B09D27FC5FDA0026DD9E /* Project object */;
			proxyType = 1;
			remoteGlobalIDString = D259B0A427FC5FDA0026DD9E;
			remoteInfo = BidderBidder;
		};
/* End PBXContainerItemProxy section */

/* Begin PBXFileReference section */
		D214F5942834D06A005AD768 /* ColorManage.swift */ = {isa = PBXFileReference; lastKnownFileType = sourcecode.swift; path = ColorManage.swift; sourceTree = "<group>"; };
		D259B0A527FC5FDA0026DD9E /* BidderBidder.app */ = {isa = PBXFileReference; explicitFileType = wrapper.application; includeInIndex = 0; path = BidderBidder.app; sourceTree = BUILT_PRODUCTS_DIR; };
		D259B0A827FC5FDA0026DD9E /* AppDelegate.swift */ = {isa = PBXFileReference; lastKnownFileType = sourcecode.swift; path = AppDelegate.swift; sourceTree = "<group>"; };
		D259B0AA27FC5FDA0026DD9E /* SceneDelegate.swift */ = {isa = PBXFileReference; lastKnownFileType = sourcecode.swift; path = SceneDelegate.swift; sourceTree = "<group>"; };
		D259B0AF27FC5FDA0026DD9E /* Base */ = {isa = PBXFileReference; lastKnownFileType = file.storyboard; name = Base; path = Base.lproj/Main.storyboard; sourceTree = "<group>"; };
		D259B0B127FC5FDB0026DD9E /* Assets.xcassets */ = {isa = PBXFileReference; lastKnownFileType = folder.assetcatalog; path = Assets.xcassets; sourceTree = "<group>"; };
		D259B0B427FC5FDB0026DD9E /* Base */ = {isa = PBXFileReference; lastKnownFileType = file.storyboard; name = Base; path = Base.lproj/LaunchScreen.storyboard; sourceTree = "<group>"; };
		D259B0BB27FC5FDB0026DD9E /* BidderBidderTests.xctest */ = {isa = PBXFileReference; explicitFileType = wrapper.cfbundle; includeInIndex = 0; path = BidderBidderTests.xctest; sourceTree = BUILT_PRODUCTS_DIR; };
		D259B0BF27FC5FDB0026DD9E /* BidderBidderTests.swift */ = {isa = PBXFileReference; lastKnownFileType = sourcecode.swift; path = BidderBidderTests.swift; sourceTree = "<group>"; };
		D259B0C527FC5FDB0026DD9E /* BidderBidderUITests.xctest */ = {isa = PBXFileReference; explicitFileType = wrapper.cfbundle; includeInIndex = 0; path = BidderBidderUITests.xctest; sourceTree = BUILT_PRODUCTS_DIR; };
		D259B0C927FC5FDB0026DD9E /* BidderBidderUITests.swift */ = {isa = PBXFileReference; lastKnownFileType = sourcecode.swift; path = BidderBidderUITests.swift; sourceTree = "<group>"; };
		D259B0CB27FC5FDB0026DD9E /* BidderBidderUITestsLaunchTests.swift */ = {isa = PBXFileReference; lastKnownFileType = sourcecode.swift; path = BidderBidderUITestsLaunchTests.swift; sourceTree = "<group>"; };
		D2DEBBB32849BCD600437F3D /* Info.plist */ = {isa = PBXFileReference; fileEncoding = 4; lastKnownFileType = text.plist.xml; path = Info.plist; sourceTree = "<group>"; };
		D2E99F9427FD126A00D829DF /* LoginViewController.swift */ = {isa = PBXFileReference; lastKnownFileType = sourcecode.swift; name = LoginViewController.swift; path = ../LoginViewController.swift; sourceTree = "<group>"; };
		D2E99F9627FD98EE00D829DF /* EnterLoginViewController.swift */ = {isa = PBXFileReference; lastKnownFileType = sourcecode.swift; path = EnterLoginViewController.swift; sourceTree = "<group>"; };
		D2E99F9C27FDA58100D829DF /* MainViewController.swift */ = {isa = PBXFileReference; lastKnownFileType = sourcecode.swift; path = MainViewController.swift; sourceTree = "<group>"; };
		D2FCCA182849B5AB002005BC /* ProductViewCell.swift */ = {isa = PBXFileReference; lastKnownFileType = sourcecode.swift; path = ProductViewCell.swift; sourceTree = "<group>"; };
/* End PBXFileReference section */

/* Begin PBXFrameworksBuildPhase section */
		D259B0A227FC5FDA0026DD9E /* Frameworks */ = {
			isa = PBXFrameworksBuildPhase;
			buildActionMask = 2147483647;
			files = (
				D2E99F9B27FDA27100D829DF /* Alamofire in Frameworks */,
				D214F59128334FE7005AD768 /* TweeTextField in Frameworks */,
			);
			runOnlyForDeploymentPostprocessing = 0;
		};
		D259B0B827FC5FDB0026DD9E /* Frameworks */ = {
			isa = PBXFrameworksBuildPhase;
			buildActionMask = 2147483647;
			files = (
			);
			runOnlyForDeploymentPostprocessing = 0;
		};
		D259B0C227FC5FDB0026DD9E /* Frameworks */ = {
			isa = PBXFrameworksBuildPhase;
			buildActionMask = 2147483647;
			files = (
			);
			runOnlyForDeploymentPostprocessing = 0;
		};
/* End PBXFrameworksBuildPhase section */

/* Begin PBXGroup section */
		D259B09C27FC5FDA0026DD9E = {
			isa = PBXGroup;
			children = (
				D259B0A727FC5FDA0026DD9E /* BidderBidder */,
				D259B0BE27FC5FDB0026DD9E /* BidderBidderTests */,
				D259B0C827FC5FDB0026DD9E /* BidderBidderUITests */,
				D259B0A627FC5FDA0026DD9E /* Products */,
			);
			sourceTree = "<group>";
		};
		D259B0A627FC5FDA0026DD9E /* Products */ = {
			isa = PBXGroup;
			children = (
				D259B0A527FC5FDA0026DD9E /* BidderBidder.app */,
				D259B0BB27FC5FDB0026DD9E /* BidderBidderTests.xctest */,
				D259B0C527FC5FDB0026DD9E /* BidderBidderUITests.xctest */,
			);
			name = Products;
			sourceTree = "<group>";
		};
		D259B0A727FC5FDA0026DD9E /* BidderBidder */ = {
			isa = PBXGroup;
			children = (
				D2E99F9E27FE66C200D829DF /* Storyboards */,
				D2FCCA1628489B91002005BC /* Supporting File */,
				D2E99F9827FDA1AD00D829DF /* Controller */,
				D2FCCA1728489BB9002005BC /* Cell */,
			);
			path = BidderBidder;
			sourceTree = "<group>";
		};
		D259B0BE27FC5FDB0026DD9E /* BidderBidderTests */ = {
			isa = PBXGroup;
			children = (
				D259B0BF27FC5FDB0026DD9E /* BidderBidderTests.swift */,
			);
			path = BidderBidderTests;
			sourceTree = "<group>";
		};
		D259B0C827FC5FDB0026DD9E /* BidderBidderUITests */ = {
			isa = PBXGroup;
			children = (
				D259B0C927FC5FDB0026DD9E /* BidderBidderUITests.swift */,
				D259B0CB27FC5FDB0026DD9E /* BidderBidderUITestsLaunchTests.swift */,
			);
			path = BidderBidderUITests;
			sourceTree = "<group>";
		};
		D2E99F9827FDA1AD00D829DF /* Controller */ = {
			isa = PBXGroup;
			children = (
				D2E99F9427FD126A00D829DF /* LoginViewController.swift */,
				D2E99F9627FD98EE00D829DF /* EnterLoginViewController.swift */,
				D2E99F9C27FDA58100D829DF /* MainViewController.swift */,
				D214F5942834D06A005AD768 /* ColorManage.swift */,
			);
			path = Controller;
			sourceTree = "<group>";
		};
		D2E99F9E27FE66C200D829DF /* Storyboards */ = {
			isa = PBXGroup;
			children = (
				D259B0AE27FC5FDA0026DD9E /* Main.storyboard */,
			);
			path = Storyboards;
			sourceTree = "<group>";
		};
		D2FCCA1628489B91002005BC /* Supporting File */ = {
			isa = PBXGroup;
			children = (
				D2DEBBB32849BCD600437F3D /* Info.plist */,
				D259B0B327FC5FDB0026DD9E /* LaunchScreen.storyboard */,
				D259B0A827FC5FDA0026DD9E /* AppDelegate.swift */,
				D259B0AA27FC5FDA0026DD9E /* SceneDelegate.swift */,
				D259B0B127FC5FDB0026DD9E /* Assets.xcassets */,
			);
			path = "Supporting File";
			sourceTree = "<group>";
		};
		D2FCCA1728489BB9002005BC /* Cell */ = {
			isa = PBXGroup;
			children = (
				D2FCCA182849B5AB002005BC /* ProductViewCell.swift */,
			);
			path = Cell;
			sourceTree = "<group>";
		};
/* End PBXGroup section */

/* Begin PBXNativeTarget section */
		D259B0A427FC5FDA0026DD9E /* BidderBidder */ = {
			isa = PBXNativeTarget;
			buildConfigurationList = D259B0CF27FC5FDB0026DD9E /* Build configuration list for PBXNativeTarget "BidderBidder" */;
			buildPhases = (
				D259B0A127FC5FDA0026DD9E /* Sources */,
				D259B0A227FC5FDA0026DD9E /* Frameworks */,
				D259B0A327FC5FDA0026DD9E /* Resources */,
			);
			buildRules = (
			);
			dependencies = (
			);
			name = BidderBidder;
			packageProductDependencies = (
				D2E99F9A27FDA27100D829DF /* Alamofire */,
				D214F59028334FE7005AD768 /* TweeTextField */,
			);
			productName = BidderBidder;
			productReference = D259B0A527FC5FDA0026DD9E /* BidderBidder.app */;
			productType = "com.apple.product-type.application";
		};
		D259B0BA27FC5FDB0026DD9E /* BidderBidderTests */ = {
			isa = PBXNativeTarget;
			buildConfigurationList = D259B0D227FC5FDB0026DD9E /* Build configuration list for PBXNativeTarget "BidderBidderTests" */;
			buildPhases = (
				D259B0B727FC5FDB0026DD9E /* Sources */,
				D259B0B827FC5FDB0026DD9E /* Frameworks */,
				D259B0B927FC5FDB0026DD9E /* Resources */,
			);
			buildRules = (
			);
			dependencies = (
				D259B0BD27FC5FDB0026DD9E /* PBXTargetDependency */,
			);
			name = BidderBidderTests;
			productName = BidderBidderTests;
			productReference = D259B0BB27FC5FDB0026DD9E /* BidderBidderTests.xctest */;
			productType = "com.apple.product-type.bundle.unit-test";
		};
		D259B0C427FC5FDB0026DD9E /* BidderBidderUITests */ = {
			isa = PBXNativeTarget;
			buildConfigurationList = D259B0D527FC5FDB0026DD9E /* Build configuration list for PBXNativeTarget "BidderBidderUITests" */;
			buildPhases = (
				D259B0C127FC5FDB0026DD9E /* Sources */,
				D259B0C227FC5FDB0026DD9E /* Frameworks */,
				D259B0C327FC5FDB0026DD9E /* Resources */,
			);
			buildRules = (
			);
			dependencies = (
				D259B0C727FC5FDB0026DD9E /* PBXTargetDependency */,
			);
			name = BidderBidderUITests;
			productName = BidderBidderUITests;
			productReference = D259B0C527FC5FDB0026DD9E /* BidderBidderUITests.xctest */;
			productType = "com.apple.product-type.bundle.ui-testing";
		};
/* End PBXNativeTarget section */

/* Begin PBXProject section */
		D259B09D27FC5FDA0026DD9E /* Project object */ = {
			isa = PBXProject;
			attributes = {
				BuildIndependentTargetsInParallel = 1;
				LastSwiftUpdateCheck = 1330;
				LastUpgradeCheck = 1330;
				TargetAttributes = {
					D259B0A427FC5FDA0026DD9E = {
						CreatedOnToolsVersion = 13.3;
					};
					D259B0BA27FC5FDB0026DD9E = {
						CreatedOnToolsVersion = 13.3;
						TestTargetID = D259B0A427FC5FDA0026DD9E;
					};
					D259B0C427FC5FDB0026DD9E = {
						CreatedOnToolsVersion = 13.3;
						TestTargetID = D259B0A427FC5FDA0026DD9E;
					};
				};
			};
			buildConfigurationList = D259B0A027FC5FDA0026DD9E /* Build configuration list for PBXProject "BidderBidder" */;
			compatibilityVersion = "Xcode 13.0";
			developmentRegion = en;
			hasScannedForEncodings = 0;
			knownRegions = (
				en,
				Base,
			);
			mainGroup = D259B09C27FC5FDA0026DD9E;
			packageReferences = (
				D2E99F9927FDA27100D829DF /* XCRemoteSwiftPackageReference "Alamofire" */,
				D214F58F28334FE7005AD768 /* XCRemoteSwiftPackageReference "TweeTextField" */,
			);
			productRefGroup = D259B0A627FC5FDA0026DD9E /* Products */;
			projectDirPath = "";
			projectRoot = "";
			targets = (
				D259B0A427FC5FDA0026DD9E /* BidderBidder */,
				D259B0BA27FC5FDB0026DD9E /* BidderBidderTests */,
				D259B0C427FC5FDB0026DD9E /* BidderBidderUITests */,
			);
		};
/* End PBXProject section */

/* Begin PBXResourcesBuildPhase section */
		D259B0A327FC5FDA0026DD9E /* Resources */ = {
			isa = PBXResourcesBuildPhase;
			buildActionMask = 2147483647;
			files = (
				D259B0B527FC5FDB0026DD9E /* LaunchScreen.storyboard in Resources */,
				D259B0B227FC5FDB0026DD9E /* Assets.xcassets in Resources */,
				D259B0B027FC5FDA0026DD9E /* Main.storyboard in Resources */,
			);
			runOnlyForDeploymentPostprocessing = 0;
		};
		D259B0B927FC5FDB0026DD9E /* Resources */ = {
			isa = PBXResourcesBuildPhase;
			buildActionMask = 2147483647;
			files = (
			);
			runOnlyForDeploymentPostprocessing = 0;
		};
		D259B0C327FC5FDB0026DD9E /* Resources */ = {
			isa = PBXResourcesBuildPhase;
			buildActionMask = 2147483647;
			files = (
			);
			runOnlyForDeploymentPostprocessing = 0;
		};
/* End PBXResourcesBuildPhase section */

/* Begin PBXSourcesBuildPhase section */
		D259B0A127FC5FDA0026DD9E /* Sources */ = {
			isa = PBXSourcesBuildPhase;
			buildActionMask = 2147483647;
			files = (
				D2FCCA192849B5AB002005BC /* ProductViewCell.swift in Sources */,
				D2E99F9527FD126A00D829DF /* LoginViewController.swift in Sources */,
				D259B0A927FC5FDA0026DD9E /* AppDelegate.swift in Sources */,
				D214F5952834D06A005AD768 /* ColorManage.swift in Sources */,
				D259B0AB27FC5FDA0026DD9E /* SceneDelegate.swift in Sources */,
				D2E99F9727FD98EE00D829DF /* EnterLoginViewController.swift in Sources */,
				D2E99F9D27FDA58100D829DF /* MainViewController.swift in Sources */,
			);
			runOnlyForDeploymentPostprocessing = 0;
		};
		D259B0B727FC5FDB0026DD9E /* Sources */ = {
			isa = PBXSourcesBuildPhase;
			buildActionMask = 2147483647;
			files = (
				D259B0C027FC5FDB0026DD9E /* BidderBidderTests.swift in Sources */,
			);
			runOnlyForDeploymentPostprocessing = 0;
		};
		D259B0C127FC5FDB0026DD9E /* Sources */ = {
			isa = PBXSourcesBuildPhase;
			buildActionMask = 2147483647;
			files = (
				D259B0CC27FC5FDB0026DD9E /* BidderBidderUITestsLaunchTests.swift in Sources */,
				D259B0CA27FC5FDB0026DD9E /* BidderBidderUITests.swift in Sources */,
			);
			runOnlyForDeploymentPostprocessing = 0;
		};
/* End PBXSourcesBuildPhase section */

/* Begin PBXTargetDependency section */
		D259B0BD27FC5FDB0026DD9E /* PBXTargetDependency */ = {
			isa = PBXTargetDependency;
			target = D259B0A427FC5FDA0026DD9E /* BidderBidder */;
			targetProxy = D259B0BC27FC5FDB0026DD9E /* PBXContainerItemProxy */;
		};
		D259B0C727FC5FDB0026DD9E /* PBXTargetDependency */ = {
			isa = PBXTargetDependency;
			target = D259B0A427FC5FDA0026DD9E /* BidderBidder */;
			targetProxy = D259B0C627FC5FDB0026DD9E /* PBXContainerItemProxy */;
		};
/* End PBXTargetDependency section */

/* Begin PBXVariantGroup section */
		D259B0AE27FC5FDA0026DD9E /* Main.storyboard */ = {
			isa = PBXVariantGroup;
			children = (
				D259B0AF27FC5FDA0026DD9E /* Base */,
			);
			name = Main.storyboard;
			sourceTree = "<group>";
		};
		D259B0B327FC5FDB0026DD9E /* LaunchScreen.storyboard */ = {
			isa = PBXVariantGroup;
			children = (
				D259B0B427FC5FDB0026DD9E /* Base */,
			);
			name = LaunchScreen.storyboard;
			sourceTree = "<group>";
		};
/* End PBXVariantGroup section */

/* Begin XCBuildConfiguration section */
		D259B0CD27FC5FDB0026DD9E /* Debug */ = {
			isa = XCBuildConfiguration;
			buildSettings = {
				ALWAYS_SEARCH_USER_PATHS = NO;
				CLANG_ANALYZER_NONNULL = YES;
				CLANG_ANALYZER_NUMBER_OBJECT_CONVERSION = YES_AGGRESSIVE;
				CLANG_CXX_LANGUAGE_STANDARD = "gnu++17";
				CLANG_ENABLE_MODULES = YES;
				CLANG_ENABLE_OBJC_ARC = YES;
				CLANG_ENABLE_OBJC_WEAK = YES;
				CLANG_WARN_BLOCK_CAPTURE_AUTORELEASING = YES;
				CLANG_WARN_BOOL_CONVERSION = YES;
				CLANG_WARN_COMMA = YES;
				CLANG_WARN_CONSTANT_CONVERSION = YES;
				CLANG_WARN_DEPRECATED_OBJC_IMPLEMENTATIONS = YES;
				CLANG_WARN_DIRECT_OBJC_ISA_USAGE = YES_ERROR;
				CLANG_WARN_DOCUMENTATION_COMMENTS = YES;
				CLANG_WARN_EMPTY_BODY = YES;
				CLANG_WARN_ENUM_CONVERSION = YES;
				CLANG_WARN_INFINITE_RECURSION = YES;
				CLANG_WARN_INT_CONVERSION = YES;
				CLANG_WARN_NON_LITERAL_NULL_CONVERSION = YES;
				CLANG_WARN_OBJC_IMPLICIT_RETAIN_SELF = YES;
				CLANG_WARN_OBJC_LITERAL_CONVERSION = YES;
				CLANG_WARN_OBJC_ROOT_CLASS = YES_ERROR;
				CLANG_WARN_QUOTED_INCLUDE_IN_FRAMEWORK_HEADER = YES;
				CLANG_WARN_RANGE_LOOP_ANALYSIS = YES;
				CLANG_WARN_STRICT_PROTOTYPES = YES;
				CLANG_WARN_SUSPICIOUS_MOVE = YES;
				CLANG_WARN_UNGUARDED_AVAILABILITY = YES_AGGRESSIVE;
				CLANG_WARN_UNREACHABLE_CODE = YES;
				CLANG_WARN__DUPLICATE_METHOD_MATCH = YES;
				COPY_PHASE_STRIP = NO;
				DEBUG_INFORMATION_FORMAT = dwarf;
				ENABLE_STRICT_OBJC_MSGSEND = YES;
				ENABLE_TESTABILITY = YES;
				GCC_C_LANGUAGE_STANDARD = gnu11;
				GCC_DYNAMIC_NO_PIC = NO;
				GCC_NO_COMMON_BLOCKS = YES;
				GCC_OPTIMIZATION_LEVEL = 0;
				GCC_PREPROCESSOR_DEFINITIONS = (
					"DEBUG=1",
					"$(inherited)",
				);
				GCC_WARN_64_TO_32_BIT_CONVERSION = YES;
				GCC_WARN_ABOUT_RETURN_TYPE = YES_ERROR;
				GCC_WARN_UNDECLARED_SELECTOR = YES;
				GCC_WARN_UNINITIALIZED_AUTOS = YES_AGGRESSIVE;
				GCC_WARN_UNUSED_FUNCTION = YES;
				GCC_WARN_UNUSED_VARIABLE = YES;
				IPHONEOS_DEPLOYMENT_TARGET = 15.4;
				MTL_ENABLE_DEBUG_INFO = INCLUDE_SOURCE;
				MTL_FAST_MATH = YES;
				ONLY_ACTIVE_ARCH = YES;
				SDKROOT = iphoneos;
				SWIFT_ACTIVE_COMPILATION_CONDITIONS = DEBUG;
				SWIFT_OPTIMIZATION_LEVEL = "-Onone";
			};
			name = Debug;
		};
		D259B0CE27FC5FDB0026DD9E /* Release */ = {
			isa = XCBuildConfiguration;
			buildSettings = {
				ALWAYS_SEARCH_USER_PATHS = NO;
				CLANG_ANALYZER_NONNULL = YES;
				CLANG_ANALYZER_NUMBER_OBJECT_CONVERSION = YES_AGGRESSIVE;
				CLANG_CXX_LANGUAGE_STANDARD = "gnu++17";
				CLANG_ENABLE_MODULES = YES;
				CLANG_ENABLE_OBJC_ARC = YES;
				CLANG_ENABLE_OBJC_WEAK = YES;
				CLANG_WARN_BLOCK_CAPTURE_AUTORELEASING = YES;
				CLANG_WARN_BOOL_CONVERSION = YES;
				CLANG_WARN_COMMA = YES;
				CLANG_WARN_CONSTANT_CONVERSION = YES;
				CLANG_WARN_DEPRECATED_OBJC_IMPLEMENTATIONS = YES;
				CLANG_WARN_DIRECT_OBJC_ISA_USAGE = YES_ERROR;
				CLANG_WARN_DOCUMENTATION_COMMENTS = YES;
				CLANG_WARN_EMPTY_BODY = YES;
				CLANG_WARN_ENUM_CONVERSION = YES;
				CLANG_WARN_INFINITE_RECURSION = YES;
				CLANG_WARN_INT_CONVERSION = YES;
				CLANG_WARN_NON_LITERAL_NULL_CONVERSION = YES;
				CLANG_WARN_OBJC_IMPLICIT_RETAIN_SELF = YES;
				CLANG_WARN_OBJC_LITERAL_CONVERSION = YES;
				CLANG_WARN_OBJC_ROOT_CLASS = YES_ERROR;
				CLANG_WARN_QUOTED_INCLUDE_IN_FRAMEWORK_HEADER = YES;
				CLANG_WARN_RANGE_LOOP_ANALYSIS = YES;
				CLANG_WARN_STRICT_PROTOTYPES = YES;
				CLANG_WARN_SUSPICIOUS_MOVE = YES;
				CLANG_WARN_UNGUARDED_AVAILABILITY = YES_AGGRESSIVE;
				CLANG_WARN_UNREACHABLE_CODE = YES;
				CLANG_WARN__DUPLICATE_METHOD_MATCH = YES;
				COPY_PHASE_STRIP = NO;
				DEBUG_INFORMATION_FORMAT = "dwarf-with-dsym";
				ENABLE_NS_ASSERTIONS = NO;
				ENABLE_STRICT_OBJC_MSGSEND = YES;
				GCC_C_LANGUAGE_STANDARD = gnu11;
				GCC_NO_COMMON_BLOCKS = YES;
				GCC_WARN_64_TO_32_BIT_CONVERSION = YES;
				GCC_WARN_ABOUT_RETURN_TYPE = YES_ERROR;
				GCC_WARN_UNDECLARED_SELECTOR = YES;
				GCC_WARN_UNINITIALIZED_AUTOS = YES_AGGRESSIVE;
				GCC_WARN_UNUSED_FUNCTION = YES;
				GCC_WARN_UNUSED_VARIABLE = YES;
				IPHONEOS_DEPLOYMENT_TARGET = 15.4;
				MTL_ENABLE_DEBUG_INFO = NO;
				MTL_FAST_MATH = YES;
				SDKROOT = iphoneos;
				SWIFT_COMPILATION_MODE = wholemodule;
				SWIFT_OPTIMIZATION_LEVEL = "-O";
				VALIDATE_PRODUCT = YES;
			};
			name = Release;
		};
		D259B0D027FC5FDB0026DD9E /* Debug */ = {
			isa = XCBuildConfiguration;
			buildSettings = {
				ASSETCATALOG_COMPILER_APPICON_NAME = AppIcon;
				ASSETCATALOG_COMPILER_GLOBAL_ACCENT_COLOR_NAME = AccentColor;
				CODE_SIGN_STYLE = Automatic;
				CURRENT_PROJECT_VERSION = 1;
				DEVELOPMENT_TEAM = 98BADNDQ42;
				GENERATE_INFOPLIST_FILE = YES;
				INFOPLIST_FILE = "BidderBidder/Supporting File/Info.plist";
				INFOPLIST_KEY_UIApplicationSupportsIndirectInputEvents = YES;
				INFOPLIST_KEY_UILaunchStoryboardName = LaunchScreen;
				INFOPLIST_KEY_UIMainStoryboardFile = Main;
				INFOPLIST_KEY_UISupportedInterfaceOrientations_iPad = "UIInterfaceOrientationPortrait UIInterfaceOrientationPortraitUpsideDown UIInterfaceOrientationLandscapeLeft UIInterfaceOrientationLandscapeRight";
				INFOPLIST_KEY_UISupportedInterfaceOrientations_iPhone = "UIInterfaceOrientationPortrait UIInterfaceOrientationLandscapeLeft UIInterfaceOrientationLandscapeRight";
				LD_RUNPATH_SEARCH_PATHS = (
					"$(inherited)",
					"@executable_path/Frameworks",
				);
				MARKETING_VERSION = 1.0;
				PRODUCT_BUNDLE_IDENTIFIER = com.fakeDevelopers.BidderBidder.BidderBidder;
				PRODUCT_NAME = "$(TARGET_NAME)";
				SWIFT_EMIT_LOC_STRINGS = YES;
				SWIFT_VERSION = 5.0;
				TARGETED_DEVICE_FAMILY = "1,2";
			};
			name = Debug;
		};
		D259B0D127FC5FDB0026DD9E /* Release */ = {
			isa = XCBuildConfiguration;
			buildSettings = {
				ASSETCATALOG_COMPILER_APPICON_NAME = AppIcon;
				ASSETCATALOG_COMPILER_GLOBAL_ACCENT_COLOR_NAME = AccentColor;
				CODE_SIGN_STYLE = Automatic;
				CURRENT_PROJECT_VERSION = 1;
				DEVELOPMENT_TEAM = 98BADNDQ42;
				GENERATE_INFOPLIST_FILE = YES;
				INFOPLIST_FILE = "BidderBidder/Supporting File/Info.plist";
				INFOPLIST_KEY_UIApplicationSupportsIndirectInputEvents = YES;
				INFOPLIST_KEY_UILaunchStoryboardName = LaunchScreen;
				INFOPLIST_KEY_UIMainStoryboardFile = Main;
				INFOPLIST_KEY_UISupportedInterfaceOrientations_iPad = "UIInterfaceOrientationPortrait UIInterfaceOrientationPortraitUpsideDown UIInterfaceOrientationLandscapeLeft UIInterfaceOrientationLandscapeRight";
				INFOPLIST_KEY_UISupportedInterfaceOrientations_iPhone = "UIInterfaceOrientationPortrait UIInterfaceOrientationLandscapeLeft UIInterfaceOrientationLandscapeRight";
				LD_RUNPATH_SEARCH_PATHS = (
					"$(inherited)",
					"@executable_path/Frameworks",
				);
				MARKETING_VERSION = 1.0;
				PRODUCT_BUNDLE_IDENTIFIER = com.fakeDevelopers.BidderBidder.BidderBidder;
				PRODUCT_NAME = "$(TARGET_NAME)";
				SWIFT_EMIT_LOC_STRINGS = YES;
				SWIFT_VERSION = 5.0;
				TARGETED_DEVICE_FAMILY = "1,2";
			};
			name = Release;
		};
		D259B0D327FC5FDB0026DD9E /* Debug */ = {
			isa = XCBuildConfiguration;
			buildSettings = {
				ALWAYS_EMBED_SWIFT_STANDARD_LIBRARIES = YES;
				BUNDLE_LOADER = "$(TEST_HOST)";
				CODE_SIGN_STYLE = Automatic;
				CURRENT_PROJECT_VERSION = 1;
				GENERATE_INFOPLIST_FILE = YES;
				IPHONEOS_DEPLOYMENT_TARGET = 15.4;
				MARKETING_VERSION = 1.0;
				PRODUCT_BUNDLE_IDENTIFIER = com.fakeDevelopers.BidderBidder.BidderBidderTests;
				PRODUCT_NAME = "$(TARGET_NAME)";
				SWIFT_EMIT_LOC_STRINGS = NO;
				SWIFT_VERSION = 5.0;
				TARGETED_DEVICE_FAMILY = "1,2";
				TEST_HOST = "$(BUILT_PRODUCTS_DIR)/BidderBidder.app/BidderBidder";
			};
			name = Debug;
		};
		D259B0D427FC5FDB0026DD9E /* Release */ = {
			isa = XCBuildConfiguration;
			buildSettings = {
				ALWAYS_EMBED_SWIFT_STANDARD_LIBRARIES = YES;
				BUNDLE_LOADER = "$(TEST_HOST)";
				CODE_SIGN_STYLE = Automatic;
				CURRENT_PROJECT_VERSION = 1;
				GENERATE_INFOPLIST_FILE = YES;
				IPHONEOS_DEPLOYMENT_TARGET = 15.4;
				MARKETING_VERSION = 1.0;
				PRODUCT_BUNDLE_IDENTIFIER = com.fakeDevelopers.BidderBidder.BidderBidderTests;
				PRODUCT_NAME = "$(TARGET_NAME)";
				SWIFT_EMIT_LOC_STRINGS = NO;
				SWIFT_VERSION = 5.0;
				TARGETED_DEVICE_FAMILY = "1,2";
				TEST_HOST = "$(BUILT_PRODUCTS_DIR)/BidderBidder.app/BidderBidder";
			};
			name = Release;
		};
		D259B0D627FC5FDB0026DD9E /* Debug */ = {
			isa = XCBuildConfiguration;
			buildSettings = {
				ALWAYS_EMBED_SWIFT_STANDARD_LIBRARIES = YES;
				CODE_SIGN_STYLE = Automatic;
				CURRENT_PROJECT_VERSION = 1;
				GENERATE_INFOPLIST_FILE = YES;
				MARKETING_VERSION = 1.0;
				PRODUCT_BUNDLE_IDENTIFIER = com.fakeDevelopers.BidderBidder.BidderBidderUITests;
				PRODUCT_NAME = "$(TARGET_NAME)";
				SWIFT_EMIT_LOC_STRINGS = NO;
				SWIFT_VERSION = 5.0;
				TARGETED_DEVICE_FAMILY = "1,2";
				TEST_TARGET_NAME = BidderBidder;
			};
			name = Debug;
		};
		D259B0D727FC5FDB0026DD9E /* Release */ = {
			isa = XCBuildConfiguration;
			buildSettings = {
				ALWAYS_EMBED_SWIFT_STANDARD_LIBRARIES = YES;
				CODE_SIGN_STYLE = Automatic;
				CURRENT_PROJECT_VERSION = 1;
				GENERATE_INFOPLIST_FILE = YES;
				MARKETING_VERSION = 1.0;
				PRODUCT_BUNDLE_IDENTIFIER = com.fakeDevelopers.BidderBidder.BidderBidderUITests;
				PRODUCT_NAME = "$(TARGET_NAME)";
				SWIFT_EMIT_LOC_STRINGS = NO;
				SWIFT_VERSION = 5.0;
				TARGETED_DEVICE_FAMILY = "1,2";
				TEST_TARGET_NAME = BidderBidder;
			};
			name = Release;
		};
/* End XCBuildConfiguration section */

/* Begin XCConfigurationList section */
		D259B0A027FC5FDA0026DD9E /* Build configuration list for PBXProject "BidderBidder" */ = {
			isa = XCConfigurationList;
			buildConfigurations = (
				D259B0CD27FC5FDB0026DD9E /* Debug */,
				D259B0CE27FC5FDB0026DD9E /* Release */,
			);
			defaultConfigurationIsVisible = 0;
			defaultConfigurationName = Release;
		};
		D259B0CF27FC5FDB0026DD9E /* Build configuration list for PBXNativeTarget "BidderBidder" */ = {
			isa = XCConfigurationList;
			buildConfigurations = (
				D259B0D027FC5FDB0026DD9E /* Debug */,
				D259B0D127FC5FDB0026DD9E /* Release */,
			);
			defaultConfigurationIsVisible = 0;
			defaultConfigurationName = Release;
		};
		D259B0D227FC5FDB0026DD9E /* Build configuration list for PBXNativeTarget "BidderBidderTests" */ = {
			isa = XCConfigurationList;
			buildConfigurations = (
				D259B0D327FC5FDB0026DD9E /* Debug */,
				D259B0D427FC5FDB0026DD9E /* Release */,
			);
			defaultConfigurationIsVisible = 0;
			defaultConfigurationName = Release;
		};
		D259B0D527FC5FDB0026DD9E /* Build configuration list for PBXNativeTarget "BidderBidderUITests" */ = {
			isa = XCConfigurationList;
			buildConfigurations = (
				D259B0D627FC5FDB0026DD9E /* Debug */,
				D259B0D727FC5FDB0026DD9E /* Release */,
			);
			defaultConfigurationIsVisible = 0;
			defaultConfigurationName = Release;
		};
/* End XCConfigurationList section */

/* Begin XCRemoteSwiftPackageReference section */
		D214F58F28334FE7005AD768 /* XCRemoteSwiftPackageReference "TweeTextField" */ = {
			isa = XCRemoteSwiftPackageReference;
			repositoryURL = "https://github.com/oleghnidets/TweeTextField.git";
			requirement = {
				kind = upToNextMajorVersion;
				minimumVersion = 1.0.0;
			};
		};
		D2E99F9927FDA27100D829DF /* XCRemoteSwiftPackageReference "Alamofire" */ = {
			isa = XCRemoteSwiftPackageReference;
			repositoryURL = "https://github.com/Alamofire/Alamofire.git";
			requirement = {
				branch = master;
				kind = branch;
			};
		};
/* End XCRemoteSwiftPackageReference section */

/* Begin XCSwiftPackageProductDependency section */
		D214F59028334FE7005AD768 /* TweeTextField */ = {
			isa = XCSwiftPackageProductDependency;
			package = D214F58F28334FE7005AD768 /* XCRemoteSwiftPackageReference "TweeTextField" */;
			productName = TweeTextField;
		};
		D2E99F9A27FDA27100D829DF /* Alamofire */ = {
			isa = XCSwiftPackageProductDependency;
			package = D2E99F9927FDA27100D829DF /* XCRemoteSwiftPackageReference "Alamofire" */;
			productName = Alamofire;
		};
/* End XCSwiftPackageProductDependency section */
	};
	rootObject = D259B09D27FC5FDA0026DD9E /* Project object */;
}
